// !$*UTF8*$!
{
	archiveVersion = 1;
	classes = {
	};
	objectVersion = 46;
	objects = {

/* Begin PBXBuildFile section */
		A0BEEB101D70AE1000D3CD4D /* AppDelegate.swift in Sources */ = {isa = PBXBuildFile; fileRef = A0BEEB0F1D70AE1000D3CD4D /* AppDelegate.swift */; };
		A0BEEB121D70AE1000D3CD4D /* ViewController.swift in Sources */ = {isa = PBXBuildFile; fileRef = A0BEEB111D70AE1000D3CD4D /* ViewController.swift */; };
		A0BEEB151D70AE1000D3CD4D /* Main.storyboard in Resources */ = {isa = PBXBuildFile; fileRef = A0BEEB131D70AE1000D3CD4D /* Main.storyboard */; };
		A0BEEB171D70AE1000D3CD4D /* Assets.xcassets in Resources */ = {isa = PBXBuildFile; fileRef = A0BEEB161D70AE1000D3CD4D /* Assets.xcassets */; };
		A0BEEB1A1D70AE1000D3CD4D /* LaunchScreen.storyboard in Resources */ = {isa = PBXBuildFile; fileRef = A0BEEB181D70AE1000D3CD4D /* LaunchScreen.storyboard */; };
		A0BEEB251D70AE1000D3CD4D /* RetroCalculatorTests.swift in Sources */ = {isa = PBXBuildFile; fileRef = A0BEEB241D70AE1000D3CD4D /* RetroCalculatorTests.swift */; };
		A0BEEB301D70AE1000D3CD4D /* RetroCalculatorUITests.swift in Sources */ = {isa = PBXBuildFile; fileRef = A0BEEB2F1D70AE1000D3CD4D /* RetroCalculatorUITests.swift */; };
/* End PBXBuildFile section */

/* Begin PBXContainerItemProxy section */
		A0BEEB211D70AE1000D3CD4D /* PBXContainerItemProxy */ = {
			isa = PBXContainerItemProxy;
			containerPortal = A0BEEB041D70AE0F00D3CD4D /* Project object */;
			proxyType = 1;
			remoteGlobalIDString = A0BEEB0B1D70AE0F00D3CD4D;
			remoteInfo = RetroCalculator;
		};
		A0BEEB2C1D70AE1000D3CD4D /* PBXContainerItemProxy */ = {
			isa = PBXContainerItemProxy;
			containerPortal = A0BEEB041D70AE0F00D3CD4D /* Project object */;
			proxyType = 1;
			remoteGlobalIDString = A0BEEB0B1D70AE0F00D3CD4D;
			remoteInfo = RetroCalculator;
		};
/* End PBXContainerItemProxy section */

/* Begin PBXFileReference section */
		A0BEEB0C1D70AE1000D3CD4D /* RetroCalculator.app */ = {isa = PBXFileReference; explicitFileType = wrapper.application; includeInIndex = 0; path = RetroCalculator.app; sourceTree = BUILT_PRODUCTS_DIR; };
		A0BEEB0F1D70AE1000D3CD4D /* AppDelegate.swift */ = {isa = PBXFileReference; lastKnownFileType = sourcecode.swift; path = AppDelegate.swift; sourceTree = "<group>"; };
		A0BEEB111D70AE1000D3CD4D /* ViewController.swift */ = {isa = PBXFileReference; lastKnownFileType = sourcecode.swift; path = ViewController.swift; sourceTree = "<group>"; };
		A0BEEB141D70AE1000D3CD4D /* Base */ = {isa = PBXFileReference; lastKnownFileType = file.storyboard; name = Base; path = Base.lproj/Main.storyboard; sourceTree = "<group>"; };
		A0BEEB161D70AE1000D3CD4D /* Assets.xcassets */ = {isa = PBXFileReference; lastKnownFileType = folder.assetcatalog; path = Assets.xcassets; sourceTree = "<group>"; };
		A0BEEB191D70AE1000D3CD4D /* Base */ = {isa = PBXFileReference; lastKnownFileType = file.storyboard; name = Base; path = Base.lproj/LaunchScreen.storyboard; sourceTree = "<group>"; };
		A0BEEB1B1D70AE1000D3CD4D /* Info.plist */ = {isa = PBXFileReference; lastKnownFileType = text.plist.xml; path = Info.plist; sourceTree = "<group>"; };
		A0BEEB201D70AE1000D3CD4D /* RetroCalculatorTests.xctest */ = {isa = PBXFileReference; explicitFileType = wrapper.cfbundle; includeInIndex = 0; path = RetroCalculatorTests.xctest; sourceTree = BUILT_PRODUCTS_DIR; };
		A0BEEB241D70AE1000D3CD4D /* RetroCalculatorTests.swift */ = {isa = PBXFileReference; lastKnownFileType = sourcecode.swift; path = RetroCalculatorTests.swift; sourceTree = "<group>"; };
		A0BEEB261D70AE1000D3CD4D /* Info.plist */ = {isa = PBXFileReference; lastKnownFileType = text.plist.xml; path = Info.plist; sourceTree = "<group>"; };
		A0BEEB2B1D70AE1000D3CD4D /* RetroCalculatorUITests.xctest */ = {isa = PBXFileReference; explicitFileType = wrapper.cfbundle; includeInIndex = 0; path = RetroCalculatorUITests.xctest; sourceTree = BUILT_PRODUCTS_DIR; };
		A0BEEB2F1D70AE1000D3CD4D /* RetroCalculatorUITests.swift */ = {isa = PBXFileReference; lastKnownFileType = sourcecode.swift; path = RetroCalculatorUITests.swift; sourceTree = "<group>"; };
		A0BEEB311D70AE1000D3CD4D /* Info.plist */ = {isa = PBXFileReference; lastKnownFileType = text.plist.xml; path = Info.plist; sourceTree = "<group>"; };
/* End PBXFileReference section */

/* Begin PBXFrameworksBuildPhase section */
		A0BEEB091D70AE0F00D3CD4D /* Frameworks */ = {
			isa = PBXFrameworksBuildPhase;
			buildActionMask = 2147483647;
			files = (
			);
			runOnlyForDeploymentPostprocessing = 0;
		};
		A0BEEB1D1D70AE1000D3CD4D /* Frameworks */ = {
			isa = PBXFrameworksBuildPhase;
			buildActionMask = 2147483647;
			files = (
			);
			runOnlyForDeploymentPostprocessing = 0;
		};
		A0BEEB281D70AE1000D3CD4D /* Frameworks */ = {
			isa = PBXFrameworksBuildPhase;
			buildActionMask = 2147483647;
			files = (
			);
			runOnlyForDeploymentPostprocessing = 0;
		};
/* End PBXFrameworksBuildPhase section */

/* Begin PBXGroup section */
		A0BEEB031D70AE0F00D3CD4D = {
			isa = PBXGroup;
			children = (
				A0BEEB0E1D70AE1000D3CD4D /* RetroCalculator */,
				A0BEEB231D70AE1000D3CD4D /* RetroCalculatorTests */,
				A0BEEB2E1D70AE1000D3CD4D /* RetroCalculatorUITests */,
				A0BEEB0D1D70AE1000D3CD4D /* Products */,
			);
			sourceTree = "<group>";
		};
		A0BEEB0D1D70AE1000D3CD4D /* Products */ = {
			isa = PBXGroup;
			children = (
				A0BEEB0C1D70AE1000D3CD4D /* RetroCalculator.app */,
				A0BEEB201D70AE1000D3CD4D /* RetroCalculatorTests.xctest */,
				A0BEEB2B1D70AE1000D3CD4D /* RetroCalculatorUITests.xctest */,
			);
			name = Products;
			sourceTree = "<group>";
		};
		A0BEEB0E1D70AE1000D3CD4D /* RetroCalculator */ = {
			isa = PBXGroup;
			children = (
				A0BEEB0F1D70AE1000D3CD4D /* AppDelegate.swift */,
				A0BEEB111D70AE1000D3CD4D /* ViewController.swift */,
				A0BEEB131D70AE1000D3CD4D /* Main.storyboard */,
				A0BEEB161D70AE1000D3CD4D /* Assets.xcassets */,
				A0BEEB181D70AE1000D3CD4D /* LaunchScreen.storyboard */,
				A0BEEB1B1D70AE1000D3CD4D /* Info.plist */,
			);
			path = RetroCalculator;
			sourceTree = "<group>";
		};
		A0BEEB231D70AE1000D3CD4D /* RetroCalculatorTests */ = {
			isa = PBXGroup;
			children = (
				A0BEEB241D70AE1000D3CD4D /* RetroCalculatorTests.swift */,
				A0BEEB261D70AE1000D3CD4D /* Info.plist */,
			);
			path = RetroCalculatorTests;
			sourceTree = "<group>";
		};
		A0BEEB2E1D70AE1000D3CD4D /* RetroCalculatorUITests */ = {
			isa = PBXGroup;
			children = (
				A0BEEB2F1D70AE1000D3CD4D /* RetroCalculatorUITests.swift */,
				A0BEEB311D70AE1000D3CD4D /* Info.plist */,
			);
			path = RetroCalculatorUITests;
			sourceTree = "<group>";
		};
/* End PBXGroup section */

/* Begin PBXNativeTarget section */
		A0BEEB0B1D70AE0F00D3CD4D /* RetroCalculator */ = {
			isa = PBXNativeTarget;
			buildConfigurationList = A0BEEB341D70AE1000D3CD4D /* Build configuration list for PBXNativeTarget "RetroCalculator" */;
			buildPhases = (
				A0BEEB081D70AE0F00D3CD4D /* Sources */,
				A0BEEB091D70AE0F00D3CD4D /* Frameworks */,
				A0BEEB0A1D70AE0F00D3CD4D /* Resources */,
			);
			buildRules = (
			);
			dependencies = (
			);
			name = RetroCalculator;
			productName = RetroCalculator;
			productReference = A0BEEB0C1D70AE1000D3CD4D /* RetroCalculator.app */;
			productType = "com.apple.product-type.application";
		};
		A0BEEB1F1D70AE1000D3CD4D /* RetroCalculatorTests */ = {
			isa = PBXNativeTarget;
			buildConfigurationList = A0BEEB371D70AE1000D3CD4D /* Build configuration list for PBXNativeTarget "RetroCalculatorTests" */;
			buildPhases = (
				A0BEEB1C1D70AE1000D3CD4D /* Sources */,
				A0BEEB1D1D70AE1000D3CD4D /* Frameworks */,
				A0BEEB1E1D70AE1000D3CD4D /* Resources */,
			);
			buildRules = (
			);
			dependencies = (
				A0BEEB221D70AE1000D3CD4D /* PBXTargetDependency */,
			);
			name = RetroCalculatorTests;
			productName = RetroCalculatorTests;
			productReference = A0BEEB201D70AE1000D3CD4D /* RetroCalculatorTests.xctest */;
			productType = "com.apple.product-type.bundle.unit-test";
		};
		A0BEEB2A1D70AE1000D3CD4D /* RetroCalculatorUITests */ = {
			isa = PBXNativeTarget;
			buildConfigurationList = A0BEEB3A1D70AE1000D3CD4D /* Build configuration list for PBXNativeTarget "RetroCalculatorUITests" */;
			buildPhases = (
				A0BEEB271D70AE1000D3CD4D /* Sources */,
				A0BEEB281D70AE1000D3CD4D /* Frameworks */,
				A0BEEB291D70AE1000D3CD4D /* Resources */,
			);
			buildRules = (
			);
			dependencies = (
				A0BEEB2D1D70AE1000D3CD4D /* PBXTargetDependency */,
			);
			name = RetroCalculatorUITests;
			productName = RetroCalculatorUITests;
			productReference = A0BEEB2B1D70AE1000D3CD4D /* RetroCalculatorUITests.xctest */;
			productType = "com.apple.product-type.bundle.ui-testing";
		};
/* End PBXNativeTarget section */

/* Begin PBXProject section */
		A0BEEB041D70AE0F00D3CD4D /* Project object */ = {
			isa = PBXProject;
			attributes = {
				LastSwiftUpdateCheck = 0800;
				LastUpgradeCheck = 0800;
				ORGANIZATIONNAME = "Clay Tsuhako";
				TargetAttributes = {
					A0BEEB0B1D70AE0F00D3CD4D = {
						CreatedOnToolsVersion = 8.0;
						ProvisioningStyle = Automatic;
					};
					A0BEEB1F1D70AE1000D3CD4D = {
						CreatedOnToolsVersion = 8.0;
						ProvisioningStyle = Automatic;
						TestTargetID = A0BEEB0B1D70AE0F00D3CD4D;
					};
					A0BEEB2A1D70AE1000D3CD4D = {
						CreatedOnToolsVersion = 8.0;
						ProvisioningStyle = Automatic;
						TestTargetID = A0BEEB0B1D70AE0F00D3CD4D;
					};
				};
			};
			buildConfigurationList = A0BEEB071D70AE0F00D3CD4D /* Build configuration list for PBXProject "RetroCalculator" */;
			compatibilityVersion = "Xcode 3.2";
			developmentRegion = English;
			hasScannedForEncodings = 0;
			knownRegions = (
				en,
				Base,
			);
			mainGroup = A0BEEB031D70AE0F00D3CD4D;
			productRefGroup = A0BEEB0D1D70AE1000D3CD4D /* Products */;
			projectDirPath = "";
			projectRoot = "";
			targets = (
				A0BEEB0B1D70AE0F00D3CD4D /* RetroCalculator */,
				A0BEEB1F1D70AE1000D3CD4D /* RetroCalculatorTests */,
				A0BEEB2A1D70AE1000D3CD4D /* RetroCalculatorUITests */,
			);
		};
/* End PBXProject section */

/* Begin PBXResourcesBuildPhase section */
		A0BEEB0A1D70AE0F00D3CD4D /* Resources */ = {
			isa = PBXResourcesBuildPhase;
			buildActionMask = 2147483647;
			files = (
				A0BEEB1A1D70AE1000D3CD4D /* LaunchScreen.storyboard in Resources */,
				A0BEEB171D70AE1000D3CD4D /* Assets.xcassets in Resources */,
				A0BEEB151D70AE1000D3CD4D /* Main.storyboard in Resources */,
			);
			runOnlyForDeploymentPostprocessing = 0;
		};
		A0BEEB1E1D70AE1000D3CD4D /* Resources */ = {
			isa = PBXResourcesBuildPhase;
			buildActionMask = 2147483647;
			files = (
			);
			runOnlyForDeploymentPostprocessing = 0;
		};
		A0BEEB291D70AE1000D3CD4D /* Resources */ = {
			isa = PBXResourcesBuildPhase;
			buildActionMask = 2147483647;
			files = (
			);
			runOnlyForDeploymentPostprocessing = 0;
		};
/* End PBXResourcesBuildPhase section */

/* Begin PBXSourcesBuildPhase section */
		A0BEEB081D70AE0F00D3CD4D /* Sources */ = {
			isa = PBXSourcesBuildPhase;
			buildActionMask = 2147483647;
			files = (
				A0BEEB121D70AE1000D3CD4D /* ViewController.swift in Sources */,
				A0BEEB101D70AE1000D3CD4D /* AppDelegate.swift in Sources */,
			);
			runOnlyForDeploymentPostprocessing = 0;
		};
		A0BEEB1C1D70AE1000D3CD4D /* Sources */ = {
			isa = PBXSourcesBuildPhase;
			buildActionMask = 2147483647;
			files = (
				A0BEEB251D70AE1000D3CD4D /* RetroCalculatorTests.swift in Sources */,
			);
			runOnlyForDeploymentPostprocessing = 0;
		};
		A0BEEB271D70AE1000D3CD4D /* Sources */ = {
			isa = PBXSourcesBuildPhase;
			buildActionMask = 2147483647;
			files = (
				A0BEEB301D70AE1000D3CD4D /* RetroCalculatorUITests.swift in Sources */,
			);
			runOnlyForDeploymentPostprocessing = 0;
		};
/* End PBXSourcesBuildPhase section */

/* Begin PBXTargetDependency section */
		A0BEEB221D70AE1000D3CD4D /* PBXTargetDependency */ = {
			isa = PBXTargetDependency;
			target = A0BEEB0B1D70AE0F00D3CD4D /* RetroCalculator */;
			targetProxy = A0BEEB211D70AE1000D3CD4D /* PBXContainerItemProxy */;
		};
		A0BEEB2D1D70AE1000D3CD4D /* PBXTargetDependency */ = {
			isa = PBXTargetDependency;
			target = A0BEEB0B1D70AE0F00D3CD4D /* RetroCalculator */;
			targetProxy = A0BEEB2C1D70AE1000D3CD4D /* PBXContainerItemProxy */;
		};
/* End PBXTargetDependency section */

/* Begin PBXVariantGroup section */
		A0BEEB131D70AE1000D3CD4D /* Main.storyboard */ = {
			isa = PBXVariantGroup;
			children = (
				A0BEEB141D70AE1000D3CD4D /* Base */,
			);
			name = Main.storyboard;
			sourceTree = "<group>";
		};
		A0BEEB181D70AE1000D3CD4D /* LaunchScreen.storyboard */ = {
			isa = PBXVariantGroup;
			children = (
				A0BEEB191D70AE1000D3CD4D /* Base */,
			);
			name = LaunchScreen.storyboard;
			sourceTree = "<group>";
		};
/* End PBXVariantGroup section */

/* Begin XCBuildConfiguration section */
		A0BEEB321D70AE1000D3CD4D /* Debug */ = {
			isa = XCBuildConfiguration;
			buildSettings = {
				ALWAYS_SEARCH_USER_PATHS = NO;
				CLANG_ANALYZER_NONNULL = YES;
				CLANG_CXX_LANGUAGE_STANDARD = "gnu++0x";
				CLANG_CXX_LIBRARY = "libc++";
				CLANG_ENABLE_MODULES = YES;
				CLANG_ENABLE_OBJC_ARC = YES;
				CLANG_WARN_BOOL_CONVERSION = YES;
				CLANG_WARN_CONSTANT_CONVERSION = YES;
				CLANG_WARN_DIRECT_OBJC_ISA_USAGE = YES_ERROR;
				CLANG_WARN_DOCUMENTATION_COMMENTS = YES;
				CLANG_WARN_EMPTY_BODY = YES;
				CLANG_WARN_ENUM_CONVERSION = YES;
				CLANG_WARN_INFINITE_RECURSION = YES;
				CLANG_WARN_INT_CONVERSION = YES;
				CLANG_WARN_OBJC_ROOT_CLASS = YES_ERROR;
				CLANG_WARN_SUSPICIOUS_MOVES = YES;
				CLANG_WARN_UNREACHABLE_CODE = YES;
				CLANG_WARN__DUPLICATE_METHOD_MATCH = YES;
				"CODE_SIGN_IDENTITY[sdk=iphoneos*]" = "iPhone Developer";
				COPY_PHASE_STRIP = NO;
				DEBUG_INFORMATION_FORMAT = dwarf;
				ENABLE_STRICT_OBJC_MSGSEND = YES;
				ENABLE_TESTABILITY = YES;
				GCC_C_LANGUAGE_STANDARD = gnu99;
				GCC_DYNAMIC_NO_PIC = NO;
				GCC_NO_COMMON_BLOCKS = YES;
				GCC_OPTIMIZATION_LEVEL = 0;
				GCC_PREPROCESSOR_DEFINITIONS = (
					"DEBUG=1",
					"$(inherited)",
				);
				GCC_WARN_64_TO_32_BIT_CONVERSION = YES;
				GCC_WARN_ABOUT_RETURN_TYPE = YES_ERROR;
				GCC_WARN_UNDECLARED_SELECTOR = YES;
				GCC_WARN_UNINITIALIZED_AUTOS = YES_AGGRESSIVE;
				GCC_WARN_UNUSED_FUNCTION = YES;
				GCC_WARN_UNUSED_VARIABLE = YES;
				IPHONEOS_DEPLOYMENT_TARGET = 10.0;
				MTL_ENABLE_DEBUG_INFO = YES;
				ONLY_ACTIVE_ARCH = YES;
				SDKROOT = iphoneos;
				SWIFT_ACTIVE_COMPILATION_CONDITIONS = DEBUG;
				SWIFT_OPTIMIZATION_LEVEL = "-Onone";
				TARGETED_DEVICE_FAMILY = "1,2";
			};
			name = Debug;
		};
		A0BEEB331D70AE1000D3CD4D /* Release */ = {
			isa = XCBuildConfiguration;
			buildSettings = {
				ALWAYS_SEARCH_USER_PATHS = NO;
				CLANG_ANALYZER_NONNULL = YES;
				CLANG_CXX_LANGUAGE_STANDARD = "gnu++0x";
				CLANG_CXX_LIBRARY = "libc++";
				CLANG_ENABLE_MODULES = YES;
				CLANG_ENABLE_OBJC_ARC = YES;
				CLANG_WARN_BOOL_CONVERSION = YES;
				CLANG_WARN_CONSTANT_CONVERSION = YES;
				CLANG_WARN_DIRECT_OBJC_ISA_USAGE = YES_ERROR;
				CLANG_WARN_DOCUMENTATION_COMMENTS = YES;
				CLANG_WARN_EMPTY_BODY = YES;
				CLANG_WARN_ENUM_CONVERSION = YES;
				CLANG_WARN_INFINITE_RECURSION = YES;
				CLANG_WARN_INT_CONVERSION = YES;
				CLANG_WARN_OBJC_ROOT_CLASS = YES_ERROR;
				CLANG_WARN_SUSPICIOUS_MOVES = YES;
				CLANG_WARN_UNREACHABLE_CODE = YES;
				CLANG_WARN__DUPLICATE_METHOD_MATCH = YES;
				"CODE_SIGN_IDENTITY[sdk=iphoneos*]" = "iPhone Developer";
				COPY_PHASE_STRIP = NO;
				DEBUG_INFORMATION_FORMAT = "dwarf-with-dsym";
				ENABLE_NS_ASSERTIONS = NO;
				ENABLE_STRICT_OBJC_MSGSEND = YES;
				GCC_C_LANGUAGE_STANDARD = gnu99;
				GCC_NO_COMMON_BLOCKS = YES;
				GCC_WARN_64_TO_32_BIT_CONVERSION = YES;
				GCC_WARN_ABOUT_RETURN_TYPE = YES_ERROR;
				GCC_WARN_UNDECLARED_SELECTOR = YES;
				GCC_WARN_UNINITIALIZED_AUTOS = YES_AGGRESSIVE;
				GCC_WARN_UNUSED_FUNCTION = YES;
				GCC_WARN_UNUSED_VARIABLE = YES;
				IPHONEOS_DEPLOYMENT_TARGET = 10.0;
				MTL_ENABLE_DEBUG_INFO = NO;
				SDKROOT = iphoneos;
				SWIFT_OPTIMIZATION_LEVEL = "-Owholemodule";
				TARGETED_DEVICE_FAMILY = "1,2";
				VALIDATE_PRODUCT = YES;
			};
			name = Release;
		};
		A0BEEB351D70AE1000D3CD4D /* Debug */ = {
			isa = XCBuildConfiguration;
			buildSettings = {
				ASSETCATALOG_COMPILER_APPICON_NAME = AppIcon;
				INFOPLIST_FILE = RetroCalculator/Info.plist;
				LD_RUNPATH_SEARCH_PATHS = "$(inherited) @executable_path/Frameworks";
				PRODUCT_BUNDLE_IDENTIFIER = com.tsuhako.RetroCalculator;
				PRODUCT_NAME = "$(TARGET_NAME)";
				SWIFT_VERSION = 3.0;
			};
			name = Debug;
		};
		A0BEEB361D70AE1000D3CD4D /* Release */ = {
			isa = XCBuildConfiguration;
			buildSettings = {
				ASSETCATALOG_COMPILER_APPICON_NAME = AppIcon;
				INFOPLIST_FILE = RetroCalculator/Info.plist;
				LD_RUNPATH_SEARCH_PATHS = "$(inherited) @executable_path/Frameworks";
				PRODUCT_BUNDLE_IDENTIFIER = com.tsuhako.RetroCalculator;
				PRODUCT_NAME = "$(TARGET_NAME)";
				SWIFT_VERSION = 3.0;
			};
			name = Release;
		};
		A0BEEB381D70AE1000D3CD4D /* Debug */ = {
			isa = XCBuildConfiguration;
			buildSettings = {
				ALWAYS_EMBED_SWIFT_STANDARD_LIBRARIES = YES;
				BUNDLE_LOADER = "$(TEST_HOST)";
				INFOPLIST_FILE = RetroCalculatorTests/Info.plist;
				LD_RUNPATH_SEARCH_PATHS = "$(inherited) @executable_path/Frameworks @loader_path/Frameworks";
				PRODUCT_BUNDLE_IDENTIFIER = com.tsuhako.RetroCalculatorTests;
				PRODUCT_NAME = "$(TARGET_NAME)";
				SWIFT_VERSION = 3.0;
				TEST_HOST = "$(BUILT_PRODUCTS_DIR)/RetroCalculator.app/RetroCalculator";
			};
			name = Debug;
		};
		A0BEEB391D70AE1000D3CD4D /* Release */ = {
			isa = XCBuildConfiguration;
			buildSettings = {
				ALWAYS_EMBED_SWIFT_STANDARD_LIBRARIES = YES;
				BUNDLE_LOADER = "$(TEST_HOST)";
				INFOPLIST_FILE = RetroCalculatorTests/Info.plist;
				LD_RUNPATH_SEARCH_PATHS = "$(inherited) @executable_path/Frameworks @loader_path/Frameworks";
				PRODUCT_BUNDLE_IDENTIFIER = com.tsuhako.RetroCalculatorTests;
				PRODUCT_NAME = "$(TARGET_NAME)";
				SWIFT_VERSION = 3.0;
				TEST_HOST = "$(BUILT_PRODUCTS_DIR)/RetroCalculator.app/RetroCalculator";
			};
			name = Release;
		};
		A0BEEB3B1D70AE1000D3CD4D /* Debug */ = {
			isa = XCBuildConfiguration;
			buildSettings = {
				ALWAYS_EMBED_SWIFT_STANDARD_LIBRARIES = YES;
				INFOPLIST_FILE = RetroCalculatorUITests/Info.plist;
				LD_RUNPATH_SEARCH_PATHS = "$(inherited) @executable_path/Frameworks @loader_path/Frameworks";
				PRODUCT_BUNDLE_IDENTIFIER = com.tsuhako.RetroCalculatorUITests;
				PRODUCT_NAME = "$(TARGET_NAME)";
				SWIFT_VERSION = 3.0;
				TEST_TARGET_NAME = RetroCalculator;
			};
			name = Debug;
		};
		A0BEEB3C1D70AE1000D3CD4D /* Release */ = {
			isa = XCBuildConfiguration;
			buildSettings = {
				ALWAYS_EMBED_SWIFT_STANDARD_LIBRARIES = YES;
				INFOPLIST_FILE = RetroCalculatorUITests/Info.plist;
				LD_RUNPATH_SEARCH_PATHS = "$(inherited) @executable_path/Frameworks @loader_path/Frameworks";
				PRODUCT_BUNDLE_IDENTIFIER = com.tsuhako.RetroCalculatorUITests;
				PRODUCT_NAME = "$(TARGET_NAME)";
				SWIFT_VERSION = 3.0;
				TEST_TARGET_NAME = RetroCalculator;
			};
			name = Release;
		};
/* End XCBuildConfiguration section */

/* Begin XCConfigurationList section */
		A0BEEB071D70AE0F00D3CD4D /* Build configuration list for PBXProject "RetroCalculator" */ = {
			isa = XCConfigurationList;
			buildConfigurations = (
				A0BEEB321D70AE1000D3CD4D /* Debug */,
				A0BEEB331D70AE1000D3CD4D /* Release */,
			);
			defaultConfigurationIsVisible = 0;
			defaultConfigurationName = Release;
		};
		A0BEEB341D70AE1000D3CD4D /* Build configuration list for PBXNativeTarget "RetroCalculator" */ = {
			isa = XCConfigurationList;
			buildConfigurations = (
				A0BEEB351D70AE1000D3CD4D /* Debug */,
				A0BEEB361D70AE1000D3CD4D /* Release */,
			);
			defaultConfigurationIsVisible = 0;
		};
		A0BEEB371D70AE1000D3CD4D /* Build configuration list for PBXNativeTarget "RetroCalculatorTests" */ = {
			isa = XCConfigurationList;
			buildConfigurations = (
				A0BEEB381D70AE1000D3CD4D /* Debug */,
				A0BEEB391D70AE1000D3CD4D /* Release */,
			);
			defaultConfigurationIsVisible = 0;
		};
		A0BEEB3A1D70AE1000D3CD4D /* Build configuration list for PBXNativeTarget "RetroCalculatorUITests" */ = {
			isa = XCConfigurationList;
			buildConfigurations = (
				A0BEEB3B1D70AE1000D3CD4D /* Debug */,
				A0BEEB3C1D70AE1000D3CD4D /* Release */,
			);
			defaultConfigurationIsVisible = 0;
		};
/* End XCConfigurationList section */
	};
	rootObject = A0BEEB041D70AE0F00D3CD4D /* Project object */;
}
